
Microsoft Visual Studio Solution File, Format Version 12.00
# Visual Studio Version 17
VisualStudioVersion = 17.5.002.0
MinimumVisualStudioVersion = 10.0.40219.1
Project("{9A19103F-16F7-4668-BE54-9A1E7A4F7556}") = "#2", "#2.csproj", "{FFD52D68-5B3C-41B6-A46F-7AF01AAE82EC}"
EndProject
Global
	GlobalSection(SolutionConfigurationPlatforms) = preSolution
		Debug|Any CPU = Debug|Any CPU
		Release|Any CPU = Release|Any CPU
	EndGlobalSection
	GlobalSection(ProjectConfigurationPlatforms) = postSolution
		{FFD52D68-5B3C-41B6-A46F-7AF01AAE82EC}.Debug|Any CPU.ActiveCfg = Debug|Any CPU
		{FFD52D68-5B3C-41B6-A46F-7AF01AAE82EC}.Debug|Any CPU.Build.0 = Debug|Any CPU
		{FFD52D68-5B3C-41B6-A46F-7AF01AAE82EC}.Release|Any CPU.ActiveCfg = Release|Any CPU
		{FFD52D68-5B3C-41B6-A46F-7AF01AAE82EC}.Release|Any CPU.Build.0 = Release|Any CPU
	EndGlobalSection
	GlobalSection(SolutionProperties) = preSolution
		HideSolutionNode = FALSE
	EndGlobalSection
	GlobalSection(ExtensibilityGlobals) = postSolution
		SolutionGuid = {2E474AC2-E0BD-40F9-825E-321F797CE2DA}
	EndGlobalSection
EndGlobal
